github.com/gethugothemes/hugo-modules/accordion v0.0.0-20260426061220-50a8ccc18e85 h1:ZDnG0Vx/Vy3rj6Rremk2IIuWISopyYwzf00p/EPNZek=
github.com/gethugothemes/hugo-modules/accordion v0.0.0-20260426061220-50a8ccc18e85/go.mod h1:D4DpauKPDcUHI9CVKYmJeO6bkSJIhUN864TyXZ2o0VI=
github.com/gethugothemes/hugo-modules/gallery-slider v0.0.0-20260426061220-50a8ccc18e85 h1:61b7WOjWJbrEzUm9tJ8tRKh589WwG/5BKK5nO6ACD/o=
github.com/gethugothemes/hugo-modules/gallery-slider v0.0.0-20260426061220-50a8ccc18e85/go.mod h1:MvQ2js/ofZ22CTX5wuvE+dC0rMe6C5HAWL2fEOu/yzE=
github.com/gethugothemes/hugo-modules/images v0.0.0-20260426061220-50a8ccc18e85 h1:Vs6XSYltpH+hHPrj2z0BoaDRJvbBEDjvCxp0U7Wo4/0=
github.com/gethugothemes/hugo-modules/images v0.0.0-20260426061220-50a8ccc18e85/go.mod h1:FKliP3qOW9diIcQeLtyZ0Hdhg3PL8bdAkC/6O+XtU90=
github.com/gethugothemes/hugo-modules/tab v0.0.0-20260426061220-50a8ccc18e85 h1:I8xrzflPYnJoAUktDhx1jItq/ulTAKdseFDlf0bPijo=
github.com/gethugothemes/hugo-modules/tab v0.0.0-20260426061220-50a8ccc18e85/go.mod h1:h3UxlxrFoU19JldxWLPBKaTZFe3AJtABrqo1wfxr+Ng=
